
Microsoft Visual Studio Solution File, Format Version 12.00
# Visual Studio Version 16
VisualStudioVersion = 16.0.29613.14
MinimumVisualStudioVersion = 10.0.40219.1
Project("{9A19103F-16F7-4668-BE54-9A1E7A4F7556}") = "ItemService", "ItemService\ItemService.csproj", "{C839CE0C-42C3-4470-A74F-01FE47ED52B1}"
EndProject
Project("{FAE04EC0-301F-11D3-BF4B-00C04F79EFBC}") = "OrderService", "OrderService\OrderService.csproj", "{CE5007A3-C842-4256-9FB9-AB431DC49CFF}"
EndProject
Project("{FAE04EC0-301F-11D3-BF4B-00C04F79EFBC}") = "GateWay", "GateWay\GateWay.csproj", "{60D8AB3B-24F3-4008-8878-E80E1376EFBB}"
EndProject
Global
	GlobalSection(SolutionConfigurationPlatforms) = preSolution
		Debug|Any CPU = Debug|Any CPU
		Release|Any CPU = Release|Any CPU
	EndGlobalSection
	GlobalSection(ProjectConfigurationPlatforms) = postSolution
		{C839CE0C-42C3-4470-A74F-01FE47ED52B1}.Debug|Any CPU.ActiveCfg = Debug|Any CPU
		{C839CE0C-42C3-4470-A74F-01FE47ED52B1}.Debug|Any CPU.Build.0 = Debug|Any CPU
		{C839CE0C-42C3-4470-A74F-01FE47ED52B1}.Release|Any CPU.ActiveCfg = Release|Any CPU
		{C839CE0C-42C3-4470-A74F-01FE47ED52B1}.Release|Any CPU.Build.0 = Release|Any CPU
		{CE5007A3-C842-4256-9FB9-AB431DC49CFF}.Debug|Any CPU.ActiveCfg = Debug|Any CPU
		{CE5007A3-C842-4256-9FB9-AB431DC49CFF}.Debug|Any CPU.Build.0 = Debug|Any CPU
		{CE5007A3-C842-4256-9FB9-AB431DC49CFF}.Release|Any CPU.ActiveCfg = Release|Any CPU
		{CE5007A3-C842-4256-9FB9-AB431DC49CFF}.Release|Any CPU.Build.0 = Release|Any CPU
		{60D8AB3B-24F3-4008-8878-E80E1376EFBB}.Debug|Any CPU.ActiveCfg = Debug|Any CPU
		{60D8AB3B-24F3-4008-8878-E80E1376EFBB}.Debug|Any CPU.Build.0 = Debug|Any CPU
		{60D8AB3B-24F3-4008-8878-E80E1376EFBB}.Release|Any CPU.ActiveCfg = Release|Any CPU
		{60D8AB3B-24F3-4008-8878-E80E1376EFBB}.Release|Any CPU.Build.0 = Release|Any CPU
	EndGlobalSection
	GlobalSection(SolutionProperties) = preSolution
		HideSolutionNode = FALSE
	EndGlobalSection
	GlobalSection(ExtensibilityGlobals) = postSolution
		SolutionGuid = {D6943BFE-3760-4658-818B-1AF6053EEF46}
	EndGlobalSection
EndGlobal
